// !$*UTF8*$!
{
	archiveVersion = 1;
	classes = {
	};
	objectVersion = 50;
	objects = {

/* Begin PBXBuildFile section */
		280F52AA28230B0F00F95E58 /* TweetPreviewViewController.swift in Sources */ = {isa = PBXBuildFile; fileRef = 280F52A928230B0F00F95E58 /* TweetPreviewViewController.swift */; };
		2876908428106279007CD8C4 /* AppDelegate.swift in Sources */ = {isa = PBXBuildFile; fileRef = 2876908328106279007CD8C4 /* AppDelegate.swift */; };
		2876908628106279007CD8C4 /* SceneDelegate.swift in Sources */ = {isa = PBXBuildFile; fileRef = 2876908528106279007CD8C4 /* SceneDelegate.swift */; };
		2876908828106279007CD8C4 /* MainTabBarViewController.swift in Sources */ = {isa = PBXBuildFile; fileRef = 2876908728106279007CD8C4 /* MainTabBarViewController.swift */; };
		2876908D2810627A007CD8C4 /* Assets.xcassets in Resources */ = {isa = PBXBuildFile; fileRef = 2876908C2810627A007CD8C4 /* Assets.xcassets */; };
		287690902810627A007CD8C4 /* LaunchScreen.storyboard in Resources */ = {isa = PBXBuildFile; fileRef = 2876908E2810627A007CD8C4 /* LaunchScreen.storyboard */; };
		2876909C28106487007CD8C4 /* HomeViewController.swift in Sources */ = {isa = PBXBuildFile; fileRef = 2876909B28106487007CD8C4 /* HomeViewController.swift */; };
		287690A028106491007CD8C4 /* SearchViewController.swift in Sources */ = {isa = PBXBuildFile; fileRef = 2876909F28106491007CD8C4 /* SearchViewController.swift */; };
		287690A3281064A2007CD8C4 /* NotificationViewController.swift in Sources */ = {isa = PBXBuildFile; fileRef = 287690A2281064A2007CD8C4 /* NotificationViewController.swift */; };
		287690A6281064B0007CD8C4 /* DirectMessagesViewController.swift in Sources */ = {isa = PBXBuildFile; fileRef = 287690A5281064B0007CD8C4 /* DirectMessagesViewController.swift */; };
		287690AC281067E8007CD8C4 /* TweetTableViewCell.swift in Sources */ = {isa = PBXBuildFile; fileRef = 287690AB281067E8007CD8C4 /* TweetTableViewCell.swift */; };
		287A94C62811F66B004950F5 /* AddTweetViewController.swift in Sources */ = {isa = PBXBuildFile; fileRef = 287A94C52811F66B004950F5 /* AddTweetViewController.swift */; };
		287A94C928133E8B004950F5 /* LoginViewController.swift in Sources */ = {isa = PBXBuildFile; fileRef = 287A94C828133E8B004950F5 /* LoginViewController.swift */; };
		28EFDD85282C4DA200748F9E /* ChatRoomTableViewCell.swift in Sources */ = {isa = PBXBuildFile; fileRef = 28EFDD84282C4DA200748F9E /* ChatRoomTableViewCell.swift */; };
/* End PBXBuildFile section */

/* Begin PBXFileReference section */
		280F52A928230B0F00F95E58 /* TweetPreviewViewController.swift */ = {isa = PBXFileReference; lastKnownFileType = sourcecode.swift; path = TweetPreviewViewController.swift; sourceTree = "<group>"; };
		2876908028106279007CD8C4 /* TwitterClone.app */ = {isa = PBXFileReference; explicitFileType = wrapper.application; includeInIndex = 0; path = TwitterClone.app; sourceTree = BUILT_PRODUCTS_DIR; };
		2876908328106279007CD8C4 /* AppDelegate.swift */ = {isa = PBXFileReference; lastKnownFileType = sourcecode.swift; path = AppDelegate.swift; sourceTree = "<group>"; };
		2876908528106279007CD8C4 /* SceneDelegate.swift */ = {isa = PBXFileReference; lastKnownFileType = sourcecode.swift; path = SceneDelegate.swift; sourceTree = "<group>"; };
		2876908728106279007CD8C4 /* MainTabBarViewController.swift */ = {isa = PBXFileReference; lastKnownFileType = sourcecode.swift; path = MainTabBarViewController.swift; sourceTree = "<group>"; };
		2876908C2810627A007CD8C4 /* Assets.xcassets */ = {isa = PBXFileReference; lastKnownFileType = folder.assetcatalog; path = Assets.xcassets; sourceTree = "<group>"; };
		2876908F2810627A007CD8C4 /* Base */ = {isa = PBXFileReference; lastKnownFileType = file.storyboard; name = Base; path = Base.lproj/LaunchScreen.storyboard; sourceTree = "<group>"; };
		287690912810627A007CD8C4 /* Info.plist */ = {isa = PBXFileReference; lastKnownFileType = text.plist.xml; path = Info.plist; sourceTree = "<group>"; };
		2876909B28106487007CD8C4 /* HomeViewController.swift */ = {isa = PBXFileReference; lastKnownFileType = sourcecode.swift; path = HomeViewController.swift; sourceTree = "<group>"; };
		2876909F28106491007CD8C4 /* SearchViewController.swift */ = {isa = PBXFileReference; lastKnownFileType = sourcecode.swift; path = SearchViewController.swift; sourceTree = "<group>"; };
		287690A2281064A2007CD8C4 /* NotificationViewController.swift */ = {isa = PBXFileReference; lastKnownFileType = sourcecode.swift; path = NotificationViewController.swift; sourceTree = "<group>"; };
		287690A5281064B0007CD8C4 /* DirectMessagesViewController.swift */ = {isa = PBXFileReference; lastKnownFileType = sourcecode.swift; path = DirectMessagesViewController.swift; sourceTree = "<group>"; };
		287690AB281067E8007CD8C4 /* TweetTableViewCell.swift */ = {isa = PBXFileReference; lastKnownFileType = sourcecode.swift; path = TweetTableViewCell.swift; sourceTree = "<group>"; };
		287A94C52811F66B004950F5 /* AddTweetViewController.swift */ = {isa = PBXFileReference; lastKnownFileType = sourcecode.swift; path = AddTweetViewController.swift; sourceTree = "<group>"; };
		287A94C828133E8B004950F5 /* LoginViewController.swift */ = {isa = PBXFileReference; lastKnownFileType = sourcecode.swift; path = LoginViewController.swift; sourceTree = "<group>"; };
		28EFDD84282C4DA200748F9E /* ChatRoomTableViewCell.swift */ = {isa = PBXFileReference; lastKnownFileType = sourcecode.swift; path = ChatRoomTableViewCell.swift; sourceTree = "<group>"; };
/* End PBXFileReference section */

/* Begin PBXFrameworksBuildPhase section */
		2876907D28106279007CD8C4 /* Frameworks */ = {
			isa = PBXFrameworksBuildPhase;
			buildActionMask = 2147483647;
			files = (
			);
			runOnlyForDeploymentPostprocessing = 0;
		};
/* End PBXFrameworksBuildPhase section */

/* Begin PBXGroup section */
		2876907728106279007CD8C4 = {
			isa = PBXGroup;
			children = (
				2876908228106279007CD8C4 /* TwitterClone */,
				2876908128106279007CD8C4 /* Products */,
			);
			sourceTree = "<group>";
		};
		2876908128106279007CD8C4 /* Products */ = {
			isa = PBXGroup;
			children = (
				2876908028106279007CD8C4 /* TwitterClone.app */,
			);
			name = Products;
			sourceTree = "<group>";
		};
		2876908228106279007CD8C4 /* TwitterClone */ = {
			isa = PBXGroup;
			children = (
				287690AA281067BD007CD8C4 /* CustomCell */,
				2876909A28106464007CD8C4 /* Controllers */,
				2876908328106279007CD8C4 /* AppDelegate.swift */,
				2876908528106279007CD8C4 /* SceneDelegate.swift */,
				2876908C2810627A007CD8C4 /* Assets.xcassets */,
				2876908E2810627A007CD8C4 /* LaunchScreen.storyboard */,
				287690912810627A007CD8C4 /* Info.plist */,
			);
			path = TwitterClone;
			sourceTree = "<group>";
		};
		2876909A28106464007CD8C4 /* Controllers */ = {
			isa = PBXGroup;
			children = (
				287690A8281067AC007CD8C4 /* Core */,
				287A94C52811F66B004950F5 /* AddTweetViewController.swift */,
				287A94C828133E8B004950F5 /* LoginViewController.swift */,
				280F52A928230B0F00F95E58 /* TweetPreviewViewController.swift */,
				2876908728106279007CD8C4 /* MainTabBarViewController.swift */,
			);
			path = Controllers;
			sourceTree = "<group>";
		};
		287690A8281067AC007CD8C4 /* Core */ = {
			isa = PBXGroup;
			children = (
				2876909B28106487007CD8C4 /* HomeViewController.swift */,
				2876909F28106491007CD8C4 /* SearchViewController.swift */,
				287690A2281064A2007CD8C4 /* NotificationViewController.swift */,
				287690A5281064B0007CD8C4 /* DirectMessagesViewController.swift */,
			);
			path = Core;
			sourceTree = "<group>";
		};
		287690AA281067BD007CD8C4 /* CustomCell */ = {
			isa = PBXGroup;
			children = (
				287690AB281067E8007CD8C4 /* TweetTableViewCell.swift */,
				28EFDD84282C4DA200748F9E /* ChatRoomTableViewCell.swift */,
			);
			path = CustomCell;
			sourceTree = "<group>";
		};
/* End PBXGroup section */

/* Begin PBXNativeTarget section */
		2876907F28106279007CD8C4 /* TwitterClone */ = {
			isa = PBXNativeTarget;
			buildConfigurationList = 287690942810627A007CD8C4 /* Build configuration list for PBXNativeTarget "TwitterClone" */;
			buildPhases = (
				2876907C28106279007CD8C4 /* Sources */,
				2876907D28106279007CD8C4 /* Frameworks */,
				2876907E28106279007CD8C4 /* Resources */,
			);
			buildRules = (
			);
			dependencies = (
			);
			name = TwitterClone;
			productName = TwitterClone;
			productReference = 2876908028106279007CD8C4 /* TwitterClone.app */;
			productType = "com.apple.product-type.application";
		};
/* End PBXNativeTarget section */

/* Begin PBXProject section */
		2876907828106279007CD8C4 /* Project object */ = {
			isa = PBXProject;
			attributes = {
				LastSwiftUpdateCheck = 1240;
				LastUpgradeCheck = 1240;
				TargetAttributes = {
					2876907F28106279007CD8C4 = {
						CreatedOnToolsVersion = 12.4;
					};
				};
			};
			buildConfigurationList = 2876907B28106279007CD8C4 /* Build configuration list for PBXProject "TwitterClone" */;
			compatibilityVersion = "Xcode 9.3";
			developmentRegion = en;
			hasScannedForEncodings = 0;
			knownRegions = (
				en,
				Base,
			);
			mainGroup = 2876907728106279007CD8C4;
			productRefGroup = 2876908128106279007CD8C4 /* Products */;
			projectDirPath = "";
			projectRoot = "";
			targets = (
				2876907F28106279007CD8C4 /* TwitterClone */,
			);
		};
/* End PBXProject section */

/* Begin PBXResourcesBuildPhase section */
		2876907E28106279007CD8C4 /* Resources */ = {
			isa = PBXResourcesBuildPhase;
			buildActionMask = 2147483647;
			files = (
				287690902810627A007CD8C4 /* LaunchScreen.storyboard in Resources */,
				2876908D2810627A007CD8C4 /* Assets.xcassets in Resources */,
			);
			runOnlyForDeploymentPostprocessing = 0;
		};
/* End PBXResourcesBuildPhase section */

/* Begin PBXSourcesBuildPhase section */
		2876907C28106279007CD8C4 /* Sources */ = {
			isa = PBXSourcesBuildPhase;
			buildActionMask = 2147483647;
			files = (
				287690A028106491007CD8C4 /* SearchViewController.swift in Sources */,
				2876908828106279007CD8C4 /* MainTabBarViewController.swift in Sources */,
				287690A3281064A2007CD8C4 /* NotificationViewController.swift in Sources */,
				287A94C62811F66B004950F5 /* AddTweetViewController.swift in Sources */,
				2876908428106279007CD8C4 /* AppDelegate.swift in Sources */,
				2876908628106279007CD8C4 /* SceneDelegate.swift in Sources */,
				2876909C28106487007CD8C4 /* HomeViewController.swift in Sources */,
				287690A6281064B0007CD8C4 /* DirectMessagesViewController.swift in Sources */,
				287A94C928133E8B004950F5 /* LoginViewController.swift in Sources */,
				287690AC281067E8007CD8C4 /* TweetTableViewCell.swift in Sources */,
				28EFDD85282C4DA200748F9E /* ChatRoomTableViewCell.swift in Sources */,
				280F52AA28230B0F00F95E58 /* TweetPreviewViewController.swift in Sources */,
			);
			runOnlyForDeploymentPostprocessing = 0;
		};
/* End PBXSourcesBuildPhase section */

/* Begin PBXVariantGroup section */
		2876908E2810627A007CD8C4 /* LaunchScreen.storyboard */ = {
			isa = PBXVariantGroup;
			children = (
				2876908F2810627A007CD8C4 /* Base */,
			);
			name = LaunchScreen.storyboard;
			sourceTree = "<group>";
		};
/* End PBXVariantGroup section */

/* Begin XCBuildConfiguration section */
		287690922810627A007CD8C4 /* Debug */ = {
			isa = XCBuildConfiguration;
			buildSettings = {
				ALWAYS_SEARCH_USER_PATHS = NO;
				CLANG_ANALYZER_NONNULL = YES;
				CLANG_ANALYZER_NUMBER_OBJECT_CONVERSION = YES_AGGRESSIVE;
				CLANG_CXX_LANGUAGE_STANDARD = "gnu++14";
				CLANG_CXX_LIBRARY = "libc++";
				CLANG_ENABLE_MODULES = YES;
				CLANG_ENABLE_OBJC_ARC = YES;
				CLANG_ENABLE_OBJC_WEAK = YES;
				CLANG_WARN_BLOCK_CAPTURE_AUTORELEASING = YES;
				CLANG_WARN_BOOL_CONVERSION = YES;
				CLANG_WARN_COMMA = YES;
				CLANG_WARN_CONSTANT_CONVERSION = YES;
				CLANG_WARN_DEPRECATED_OBJC_IMPLEMENTATIONS = YES;
				CLANG_WARN_DIRECT_OBJC_ISA_USAGE = YES_ERROR;
				CLANG_WARN_DOCUMENTATION_COMMENTS = YES;
				CLANG_WARN_EMPTY_BODY = YES;
				CLANG_WARN_ENUM_CONVERSION = YES;
				CLANG_WARN_INFINITE_RECURSION = YES;
				CLANG_WARN_INT_CONVERSION = YES;
				CLANG_WARN_NON_LITERAL_NULL_CONVERSION = YES;
				CLANG_WARN_OBJC_IMPLICIT_RETAIN_SELF = YES;
				CLANG_WARN_OBJC_LITERAL_CONVERSION = YES;
				CLANG_WARN_OBJC_ROOT_CLASS = YES_ERROR;
				CLANG_WARN_QUOTED_INCLUDE_IN_FRAMEWORK_HEADER = YES;
				CLANG_WARN_RANGE_LOOP_ANALYSIS = YES;
				CLANG_WARN_STRICT_PROTOTYPES = YES;
				CLANG_WARN_SUSPICIOUS_MOVE = YES;
				CLANG_WARN_UNGUARDED_AVAILABILITY = YES_AGGRESSIVE;
				CLANG_WARN_UNREACHABLE_CODE = YES;
				CLANG_WARN__DUPLICATE_METHOD_MATCH = YES;
				COPY_PHASE_STRIP = NO;
				DEBUG_INFORMATION_FORMAT = dwarf;
				ENABLE_STRICT_OBJC_MSGSEND = YES;
				ENABLE_TESTABILITY = YES;
				GCC_C_LANGUAGE_STANDARD = gnu11;
				GCC_DYNAMIC_NO_PIC = NO;
				GCC_NO_COMMON_BLOCKS = YES;
				GCC_OPTIMIZATION_LEVEL = 0;
				GCC_PREPROCESSOR_DEFINITIONS = (
					"DEBUG=1",
					"$(inherited)",
				);
				GCC_WARN_64_TO_32_BIT_CONVERSION = YES;
				GCC_WARN_ABOUT_RETURN_TYPE = YES_ERROR;
				GCC_WARN_UNDECLARED_SELECTOR = YES;
				GCC_WARN_UNINITIALIZED_AUTOS = YES_AGGRESSIVE;
				GCC_WARN_UNUSED_FUNCTION = YES;
				GCC_WARN_UNUSED_VARIABLE = YES;
				IPHONEOS_DEPLOYMENT_TARGET = 14.4;
				MTL_ENABLE_DEBUG_INFO = INCLUDE_SOURCE;
				MTL_FAST_MATH = YES;
				ONLY_ACTIVE_ARCH = YES;
				SDKROOT = iphoneos;
				SWIFT_ACTIVE_COMPILATION_CONDITIONS = DEBUG;
				SWIFT_OPTIMIZATION_LEVEL = "-Onone";
			};
			name = Debug;
		};
		287690932810627A007CD8C4 /* Release */ = {
			isa = XCBuildConfiguration;
			buildSettings = {
				ALWAYS_SEARCH_USER_PATHS = NO;
				CLANG_ANALYZER_NONNULL = YES;
				CLANG_ANALYZER_NUMBER_OBJECT_CONVERSION = YES_AGGRESSIVE;
				CLANG_CXX_LANGUAGE_STANDARD = "gnu++14";
				CLANG_CXX_LIBRARY = "libc++";
				CLANG_ENABLE_MODULES = YES;
				CLANG_ENABLE_OBJC_ARC = YES;
				CLANG_ENABLE_OBJC_WEAK = YES;
				CLANG_WARN_BLOCK_CAPTURE_AUTORELEASING = YES;
				CLANG_WARN_BOOL_CONVERSION = YES;
				CLANG_WARN_COMMA = YES;
				CLANG_WARN_CONSTANT_CONVERSION = YES;
				CLANG_WARN_DEPRECATED_OBJC_IMPLEMENTATIONS = YES;
				CLANG_WARN_DIRECT_OBJC_ISA_USAGE = YES_ERROR;
				CLANG_WARN_DOCUMENTATION_COMMENTS = YES;
				CLANG_WARN_EMPTY_BODY = YES;
				CLANG_WARN_ENUM_CONVERSION = YES;
				CLANG_WARN_INFINITE_RECURSION = YES;
				CLANG_WARN_INT_CONVERSION = YES;
				CLANG_WARN_NON_LITERAL_NULL_CONVERSION = YES;
				CLANG_WARN_OBJC_IMPLICIT_RETAIN_SELF = YES;
				CLANG_WARN_OBJC_LITERAL_CONVERSION = YES;
				CLANG_WARN_OBJC_ROOT_CLASS = YES_ERROR;
				CLANG_WARN_QUOTED_INCLUDE_IN_FRAMEWORK_HEADER = YES;
				CLANG_WARN_RANGE_LOOP_ANALYSIS = YES;
				CLANG_WARN_STRICT_PROTOTYPES = YES;
				CLANG_WARN_SUSPICIOUS_MOVE = YES;
				CLANG_WARN_UNGUARDED_AVAILABILITY = YES_AGGRESSIVE;
				CLANG_WARN_UNREACHABLE_CODE = YES;
				CLANG_WARN__DUPLICATE_METHOD_MATCH = YES;
				COPY_PHASE_STRIP = NO;
				DEBUG_INFORMATION_FORMAT = "dwarf-with-dsym";
				ENABLE_NS_ASSERTIONS = NO;
				ENABLE_STRICT_OBJC_MSGSEND = YES;
				GCC_C_LANGUAGE_STANDARD = gnu11;
				GCC_NO_COMMON_BLOCKS = YES;
				GCC_WARN_64_TO_32_BIT_CONVERSION = YES;
				GCC_WARN_ABOUT_RETURN_TYPE = YES_ERROR;
				GCC_WARN_UNDECLARED_SELECTOR = YES;
				GCC_WARN_UNINITIALIZED_AUTOS = YES_AGGRESSIVE;
				GCC_WARN_UNUSED_FUNCTION = YES;
				GCC_WARN_UNUSED_VARIABLE = YES;
				IPHONEOS_DEPLOYMENT_TARGET = 14.4;
				MTL_ENABLE_DEBUG_INFO = NO;
				MTL_FAST_MATH = YES;
				SDKROOT = iphoneos;
				SWIFT_COMPILATION_MODE = wholemodule;
				SWIFT_OPTIMIZATION_LEVEL = "-O";
				VALIDATE_PRODUCT = YES;
			};
			name = Release;
		};
		287690952810627A007CD8C4 /* Debug */ = {
			isa = XCBuildConfiguration;
			buildSettings = {
				ASSETCATALOG_COMPILER_APPICON_NAME = AppIcon;
				ASSETCATALOG_COMPILER_GLOBAL_ACCENT_COLOR_NAME = AccentColor;
				CODE_SIGN_STYLE = Automatic;
				INFOPLIST_FILE = TwitterClone/Info.plist;
				LD_RUNPATH_SEARCH_PATHS = (
					"$(inherited)",
					"@executable_path/Frameworks",
				);
				PRODUCT_BUNDLE_IDENTIFIER = com.eslam.TwitterClone;
				PRODUCT_NAME = "$(TARGET_NAME)";
				SWIFT_VERSION = 5.0;
				TARGETED_DEVICE_FAMILY = "1,2";
			};
			name = Debug;
		};
		287690962810627A007CD8C4 /* Release */ = {
			isa = XCBuildConfiguration;
			buildSettings = {
				ASSETCATALOG_COMPILER_APPICON_NAME = AppIcon;
				ASSETCATALOG_COMPILER_GLOBAL_ACCENT_COLOR_NAME = AccentColor;
				CODE_SIGN_STYLE = Automatic;
				INFOPLIST_FILE = TwitterClone/Info.plist;
				LD_RUNPATH_SEARCH_PATHS = (
					"$(inherited)",
					"@executable_path/Frameworks",
				);
				PRODUCT_BUNDLE_IDENTIFIER = com.eslam.TwitterClone;
				PRODUCT_NAME = "$(TARGET_NAME)";
				SWIFT_VERSION = 5.0;
				TARGETED_DEVICE_FAMILY = "1,2";
			};
			name = Release;
		};
/* End XCBuildConfiguration section */

/* Begin XCConfigurationList section */
		2876907B28106279007CD8C4 /* Build configuration list for PBXProject "TwitterClone" */ = {
			isa = XCConfigurationList;
			buildConfigurations = (
				287690922810627A007CD8C4 /* Debug */,
				287690932810627A007CD8C4 /* Release */,
			);
			defaultConfigurationIsVisible = 0;
			defaultConfigurationName = Release;
		};
		287690942810627A007CD8C4 /* Build configuration list for PBXNativeTarget "TwitterClone" */ = {
			isa = XCConfigurationList;
			buildConfigurations = (
				287690952810627A007CD8C4 /* Debug */,
				287690962810627A007CD8C4 /* Release */,
			);
			defaultConfigurationIsVisible = 0;
			defaultConfigurationName = Release;
		};
/* End XCConfigurationList section */
	};
	rootObject = 2876907828106279007CD8C4 /* Project object */;
}
